
Microsoft Visual Studio Solution File, Format Version 12.00
# Visual Studio Version 17
VisualStudioVersion = 17.2.32505.173
MinimumVisualStudioVersion = 10.0.40219.1
Project("{888888A0-9F3D-457C-B088-3A5042F75D52}") = "PythonClock", "PythonClock\PythonClock.pyproj", "{E24C27A7-5295-4B09-83EC-7EF10B3AEF22}"
EndProject
Global
	GlobalSection(SolutionConfigurationPlatforms) = preSolution
		Debug|Any CPU = Debug|Any CPU
		Release|Any CPU = Release|Any CPU
	EndGlobalSection
	GlobalSection(ProjectConfigurationPlatforms) = postSolution
		{E24C27A7-5295-4B09-83EC-7EF10B3AEF22}.Debug|Any CPU.ActiveCfg = Debug|Any CPU
		{E24C27A7-5295-4B09-83EC-7EF10B3AEF22}.Release|Any CPU.ActiveCfg = Release|Any CPU
	EndGlobalSection
	GlobalSection(SolutionProperties) = preSolution
		HideSolutionNode = FALSE
	EndGlobalSection
	GlobalSection(ExtensibilityGlobals) = postSolution
		SolutionGuid = {F31DD4F7-B7A8-4889-B0E6-5CDA48A54D3B}
	EndGlobalSection
EndGlobal
